
Microsoft Visual Studio Solution File, Format Version 12.00
# Visual Studio 14
VisualStudioVersion = 14.0.25420.1
MinimumVisualStudioVersion = 10.0.40219.1
Project("{FAE04EC0-301F-11D3-BF4B-00C04F79EFBC}") = "ConsoleApplication1", "ConsoleApplication1.csproj", "{209915F8-4751-4820-9F52-CBE838E71937}"
EndProject
Project("{FAE04EC0-301F-11D3-BF4B-00C04F79EFBC}") = "Princeton", "Princeton\Princeton.csproj", "{CD797319-B3B4-4608-BE22-3024C1157007}"
EndProject
Project("{FAE04EC0-301F-11D3-BF4B-00C04F79EFBC}") = "StdLib", "algs4-master\StdLib\StdLib.csproj", "{435B5671-C1A7-4955-A43D-211FDC580731}"
EndProject
Project("{FAE04EC0-301F-11D3-BF4B-00C04F79EFBC}") = "Algs4", "algs4-master\Algs4\Algs4.csproj", "{CAC3445E-2A5B-409F-A478-3F8E4EF34542}"
EndProject
Project("{FAE04EC0-301F-11D3-BF4B-00C04F79EFBC}") = "ConsoleApplication1Tests", "..\ConsoleApplication1Tests\ConsoleApplication1Tests.csproj", "{034EB641-E633-44DA-A5BF-7156CE3B42A0}"
EndProject
Global
	GlobalSection(SolutionConfigurationPlatforms) = preSolution
		Debug|Any CPU = Debug|Any CPU
		Release|Any CPU = Release|Any CPU
	EndGlobalSection
	GlobalSection(ProjectConfigurationPlatforms) = postSolution
		{209915F8-4751-4820-9F52-CBE838E71937}.Debug|Any CPU.ActiveCfg = Debug|Any CPU
		{209915F8-4751-4820-9F52-CBE838E71937}.Debug|Any CPU.Build.0 = Debug|Any CPU
		{209915F8-4751-4820-9F52-CBE838E71937}.Release|Any CPU.ActiveCfg = Release|Any CPU
		{209915F8-4751-4820-9F52-CBE838E71937}.Release|Any CPU.Build.0 = Release|Any CPU
		{CD797319-B3B4-4608-BE22-3024C1157007}.Debug|Any CPU.ActiveCfg = Debug|Any CPU
		{CD797319-B3B4-4608-BE22-3024C1157007}.Debug|Any CPU.Build.0 = Debug|Any CPU
		{CD797319-B3B4-4608-BE22-3024C1157007}.Release|Any CPU.ActiveCfg = Release|Any CPU
		{CD797319-B3B4-4608-BE22-3024C1157007}.Release|Any CPU.Build.0 = Release|Any CPU
		{435B5671-C1A7-4955-A43D-211FDC580731}.Debug|Any CPU.ActiveCfg = Debug|Any CPU
		{435B5671-C1A7-4955-A43D-211FDC580731}.Debug|Any CPU.Build.0 = Debug|Any CPU
		{435B5671-C1A7-4955-A43D-211FDC580731}.Release|Any CPU.ActiveCfg = Release|Any CPU
		{435B5671-C1A7-4955-A43D-211FDC580731}.Release|Any CPU.Build.0 = Release|Any CPU
		{CAC3445E-2A5B-409F-A478-3F8E4EF34542}.Debug|Any CPU.ActiveCfg = Debug|Any CPU
		{CAC3445E-2A5B-409F-A478-3F8E4EF34542}.Debug|Any CPU.Build.0 = Debug|Any CPU
		{CAC3445E-2A5B-409F-A478-3F8E4EF34542}.Release|Any CPU.ActiveCfg = Release|Any CPU
		{CAC3445E-2A5B-409F-A478-3F8E4EF34542}.Release|Any CPU.Build.0 = Release|Any CPU
		{034EB641-E633-44DA-A5BF-7156CE3B42A0}.Debug|Any CPU.ActiveCfg = Debug|Any CPU
		{034EB641-E633-44DA-A5BF-7156CE3B42A0}.Debug|Any CPU.Build.0 = Debug|Any CPU
		{034EB641-E633-44DA-A5BF-7156CE3B42A0}.Release|Any CPU.ActiveCfg = Release|Any CPU
		{034EB641-E633-44DA-A5BF-7156CE3B42A0}.Release|Any CPU.Build.0 = Release|Any CPU
	EndGlobalSection
	GlobalSection(SolutionProperties) = preSolution
		HideSolutionNode = FALSE
	EndGlobalSection
EndGlobal
